
Microsoft Visual Studio Solution File, Format Version 12.00
# Visual Studio Version 17
VisualStudioVersion = 17.10.35013.160
MinimumVisualStudioVersion = 10.0.40219.1
Project("{9A19103F-16F7-4668-BE54-9A1E7A4F7556}") = "TaskManager.Console.EFCore", "TaskManager.Console.EFCore\TaskManager.Console.EFCore.csproj", "{93EE8B9D-9070-4985-933E-3C3E385CD237}"
EndProject
Project("{2150E333-8FDC-42A3-9474-1A3956D46DE8}") = "Solution Items", "Solution Items", "{F9D01F3A-0594-4895-89E1-F04178DFD47C}"
	ProjectSection(SolutionItems) = preProject
		.editorconfig = .editorconfig
		.gitignore = .gitignore
	EndProjectSection
EndProject
Project("{9A19103F-16F7-4668-BE54-9A1E7A4F7556}") = "TaskManager.REST.Api", "TaskManager.REST.Api\TaskManager.REST.Api.csproj", "{E0D91266-CAF9-4293-8DB1-D25C31B4C6A9}"
EndProject
Project("{9A19103F-16F7-4668-BE54-9A1E7A4F7556}") = "AddNewTicket", "AddNewTicket\AddNewTicket.csproj", "{F4A2BAC6-DA08-43C6-94E9-28531A0BBB3C}"
EndProject
Project("{9A19103F-16F7-4668-BE54-9A1E7A4F7556}") = "TaskManager.Mediatr", "TaskManager.Mediatr\TaskManager.Mediatr.csproj", "{58F0D7F8-0D81-43DD-B053-29A0659199E3}"
EndProject
Project("{FAE04EC0-301F-11D3-BF4B-00C04F79EFBC}") = "AddNewTicketFromQueueFunction", "AddNewTicketFromQueueFunction\AddNewTicketFromQueueFunction.csproj", "{0ADC5E9A-5932-49C8-BFF3-71279E8390B7}"
EndProject
Global
	GlobalSection(SolutionConfigurationPlatforms) = preSolution
		Debug|Any CPU = Debug|Any CPU
		Release|Any CPU = Release|Any CPU
	EndGlobalSection
	GlobalSection(ProjectConfigurationPlatforms) = postSolution
		{93EE8B9D-9070-4985-933E-3C3E385CD237}.Debug|Any CPU.ActiveCfg = Debug|Any CPU
		{93EE8B9D-9070-4985-933E-3C3E385CD237}.Debug|Any CPU.Build.0 = Debug|Any CPU
		{93EE8B9D-9070-4985-933E-3C3E385CD237}.Release|Any CPU.ActiveCfg = Release|Any CPU
		{93EE8B9D-9070-4985-933E-3C3E385CD237}.Release|Any CPU.Build.0 = Release|Any CPU
		{E0D91266-CAF9-4293-8DB1-D25C31B4C6A9}.Debug|Any CPU.ActiveCfg = Debug|Any CPU
		{E0D91266-CAF9-4293-8DB1-D25C31B4C6A9}.Debug|Any CPU.Build.0 = Debug|Any CPU
		{E0D91266-CAF9-4293-8DB1-D25C31B4C6A9}.Release|Any CPU.ActiveCfg = Release|Any CPU
		{E0D91266-CAF9-4293-8DB1-D25C31B4C6A9}.Release|Any CPU.Build.0 = Release|Any CPU
		{F4A2BAC6-DA08-43C6-94E9-28531A0BBB3C}.Debug|Any CPU.ActiveCfg = Debug|Any CPU
		{F4A2BAC6-DA08-43C6-94E9-28531A0BBB3C}.Debug|Any CPU.Build.0 = Debug|Any CPU
		{F4A2BAC6-DA08-43C6-94E9-28531A0BBB3C}.Release|Any CPU.ActiveCfg = Release|Any CPU
		{F4A2BAC6-DA08-43C6-94E9-28531A0BBB3C}.Release|Any CPU.Build.0 = Release|Any CPU
		{58F0D7F8-0D81-43DD-B053-29A0659199E3}.Debug|Any CPU.ActiveCfg = Debug|Any CPU
		{58F0D7F8-0D81-43DD-B053-29A0659199E3}.Debug|Any CPU.Build.0 = Debug|Any CPU
		{58F0D7F8-0D81-43DD-B053-29A0659199E3}.Release|Any CPU.ActiveCfg = Release|Any CPU
		{58F0D7F8-0D81-43DD-B053-29A0659199E3}.Release|Any CPU.Build.0 = Release|Any CPU
		{0ADC5E9A-5932-49C8-BFF3-71279E8390B7}.Debug|Any CPU.ActiveCfg = Debug|Any CPU
		{0ADC5E9A-5932-49C8-BFF3-71279E8390B7}.Debug|Any CPU.Build.0 = Debug|Any CPU
		{0ADC5E9A-5932-49C8-BFF3-71279E8390B7}.Release|Any CPU.ActiveCfg = Release|Any CPU
		{0ADC5E9A-5932-49C8-BFF3-71279E8390B7}.Release|Any CPU.Build.0 = Release|Any CPU
	EndGlobalSection
	GlobalSection(SolutionProperties) = preSolution
		HideSolutionNode = FALSE
	EndGlobalSection
	GlobalSection(ExtensibilityGlobals) = postSolution
		SolutionGuid = {6B54E2FA-77FA-411C-A63B-3FE0F2FB171B}
	EndGlobalSection
EndGlobal
